
Microsoft Visual Studio Solution File, Format Version 12.00
# Visual Studio Version 17
VisualStudioVersion = 17.10.35013.160
MinimumVisualStudioVersion = 10.0.40219.1
Project("{9A19103F-16F7-4668-BE54-9A1E7A4F7556}") = "ILearnerAPI", "ILearnerAPI\ILearnerAPI.csproj", "{B07CB38E-DF44-4C29-B1B1-64CD07189D12}"
EndProject
Project("{9A19103F-16F7-4668-BE54-9A1E7A4F7556}") = "ILeanerAPI.Domain", "ILeanerAPI.Domain\ILeanerAPI.Domain.csproj", "{4652C62C-D116-45B0-8BF2-E302C6BE5FA6}"
EndProject
Project("{9A19103F-16F7-4668-BE54-9A1E7A4F7556}") = "ILearnerAPI.Application", "ILearnerAPI.Application\ILearnerAPI.Application.csproj", "{8054A2F5-3059-4335-814B-98EDB428975B}"
EndProject
Project("{9A19103F-16F7-4668-BE54-9A1E7A4F7556}") = "ILearnerAPI.Infrastructure", "ILearnerAPI.Infrastructure\ILearnerAPI.Infrastructure.csproj", "{3F271747-78B9-47AB-B353-9C6DCC097451}"
EndProject
Project("{E53339B2-1760-4266-BCC7-CA923CBCF16C}") = "docker-compose", "docker-compose.dcproj", "{FFF6E024-2819-465E-846D-1D017F0522A9}"
EndProject
Global
	GlobalSection(SolutionConfigurationPlatforms) = preSolution
		Debug|Any CPU = Debug|Any CPU
		Release|Any CPU = Release|Any CPU
	EndGlobalSection
	GlobalSection(ProjectConfigurationPlatforms) = postSolution
		{B07CB38E-DF44-4C29-B1B1-64CD07189D12}.Debug|Any CPU.ActiveCfg = Debug|Any CPU
		{B07CB38E-DF44-4C29-B1B1-64CD07189D12}.Debug|Any CPU.Build.0 = Debug|Any CPU
		{B07CB38E-DF44-4C29-B1B1-64CD07189D12}.Release|Any CPU.ActiveCfg = Release|Any CPU
		{B07CB38E-DF44-4C29-B1B1-64CD07189D12}.Release|Any CPU.Build.0 = Release|Any CPU
		{4652C62C-D116-45B0-8BF2-E302C6BE5FA6}.Debug|Any CPU.ActiveCfg = Debug|Any CPU
		{4652C62C-D116-45B0-8BF2-E302C6BE5FA6}.Debug|Any CPU.Build.0 = Debug|Any CPU
		{4652C62C-D116-45B0-8BF2-E302C6BE5FA6}.Release|Any CPU.ActiveCfg = Release|Any CPU
		{4652C62C-D116-45B0-8BF2-E302C6BE5FA6}.Release|Any CPU.Build.0 = Release|Any CPU
		{8054A2F5-3059-4335-814B-98EDB428975B}.Debug|Any CPU.ActiveCfg = Debug|Any CPU
		{8054A2F5-3059-4335-814B-98EDB428975B}.Debug|Any CPU.Build.0 = Debug|Any CPU
		{8054A2F5-3059-4335-814B-98EDB428975B}.Release|Any CPU.ActiveCfg = Release|Any CPU
		{8054A2F5-3059-4335-814B-98EDB428975B}.Release|Any CPU.Build.0 = Release|Any CPU
		{3F271747-78B9-47AB-B353-9C6DCC097451}.Debug|Any CPU.ActiveCfg = Debug|Any CPU
		{3F271747-78B9-47AB-B353-9C6DCC097451}.Debug|Any CPU.Build.0 = Debug|Any CPU
		{3F271747-78B9-47AB-B353-9C6DCC097451}.Release|Any CPU.ActiveCfg = Release|Any CPU
		{3F271747-78B9-47AB-B353-9C6DCC097451}.Release|Any CPU.Build.0 = Release|Any CPU
		{FFF6E024-2819-465E-846D-1D017F0522A9}.Debug|Any CPU.ActiveCfg = Debug|Any CPU
		{FFF6E024-2819-465E-846D-1D017F0522A9}.Debug|Any CPU.Build.0 = Debug|Any CPU
		{FFF6E024-2819-465E-846D-1D017F0522A9}.Release|Any CPU.ActiveCfg = Release|Any CPU
		{FFF6E024-2819-465E-846D-1D017F0522A9}.Release|Any CPU.Build.0 = Release|Any CPU
	EndGlobalSection
	GlobalSection(SolutionProperties) = preSolution
		HideSolutionNode = FALSE
	EndGlobalSection
	GlobalSection(ExtensibilityGlobals) = postSolution
		SolutionGuid = {5E38CA85-484F-4E73-A572-C51256588020}
	EndGlobalSection
EndGlobal
